
Microsoft Visual Studio Solution File, Format Version 12.00
# Visual Studio 15
Project("{2150E333-8FDC-42A3-9474-1A3956D46DE8}") = "FunctionApps", "FunctionApps", "{63E91D27-C72A-4BD1-A014-48C75707A195}"
EndProject
Project("{FAE04EC0-301F-11D3-BF4B-00C04F79EFBC}") = "ServerlessMicroservices.FunctionsApp.HappyEating", "ServerlessMicroservices.FunctionsApp.HappyHour\ServerlessMicroservices.FunctionsApp.HappyEating.csproj", "{5920DB1C-D3DD-47AB-918B-8D3E61F03D4D}"
EndProject
Global
	GlobalSection(SolutionConfigurationPlatforms) = preSolution
		Debug|Any CPU = Debug|Any CPU
		Release|Any CPU = Release|Any CPU
	EndGlobalSection
	GlobalSection(ProjectConfigurationPlatforms) = postSolution
		{5920DB1C-D3DD-47AB-918B-8D3E61F03D4D}.Debug|Any CPU.ActiveCfg = Debug|Any CPU
		{5920DB1C-D3DD-47AB-918B-8D3E61F03D4D}.Debug|Any CPU.Build.0 = Debug|Any CPU
		{5920DB1C-D3DD-47AB-918B-8D3E61F03D4D}.Release|Any CPU.ActiveCfg = Release|Any CPU
		{5920DB1C-D3DD-47AB-918B-8D3E61F03D4D}.Release|Any CPU.Build.0 = Release|Any CPU
	EndGlobalSection
	GlobalSection(NestedProjects) = preSolution
		{5920DB1C-D3DD-47AB-918B-8D3E61F03D4D} = {63E91D27-C72A-4BD1-A014-48C75707A195}
	EndGlobalSection
EndGlobal
